Microsoft Visual Studio Solution File, Format Version 12.00
# Visual Studio Version 17
VisualStudioVersion = 17.0.32126.317
MinimumVisualStudioVersion = 10.0.40219.1
Project("{9A19103F-16F7-4668-BE54-9A1E7A4F7556}") = "Ryba.Web", "Ryba.Web\Ryba.Web.csproj", "{6C5DA2CB-9492-4982-95AE-7557F60C8B37}"
EndProject
Project("{9A19103F-16F7-4668-BE54-9A1E7A4F7556}") = "Ryba.Bot", "Ryba.Bot\Ryba.Bot.csproj", "{36307BC9-519B-43BB-B978-ACCE602EDC99}"
EndProject
Project("{9A19103F-16F7-4668-BE54-9A1E7A4F7556}") = "Ryba.Data", "Ryba.Data\Ryba.Data.csproj", "{1ACEC88D-2DD6-4AE9-9B0A-4ECB0C14D09D}"
EndProject
Global
	GlobalSection(SolutionConfigurationPlatforms) = preSolution
		Debug|Any CPU = Debug|Any CPU
		Release|Any CPU = Release|Any CPU
	EndGlobalSection
	GlobalSection(ProjectConfigurationPlatforms) = postSolution
		{6C5DA2CB-9492-4982-95AE-7557F60C8B37}.Debug|Any CPU.ActiveCfg = Debug|Any CPU
		{6C5DA2CB-9492-4982-95AE-7557F60C8B37}.Debug|Any CPU.Build.0 = Debug|Any CPU
		{6C5DA2CB-9492-4982-95AE-7557F60C8B37}.Release|Any CPU.ActiveCfg = Release|Any CPU
		{6C5DA2CB-9492-4982-95AE-7557F60C8B37}.Release|Any CPU.Build.0 = Release|Any CPU
		{36307BC9-519B-43BB-B978-ACCE602EDC99}.Debug|Any CPU.ActiveCfg = Debug|Any CPU
		{36307BC9-519B-43BB-B978-ACCE602EDC99}.Debug|Any CPU.Build.0 = Debug|Any CPU
		{36307BC9-519B-43BB-B978-ACCE602EDC99}.Release|Any CPU.ActiveCfg = Release|Any CPU
		{36307BC9-519B-43BB-B978-ACCE602EDC99}.Release|Any CPU.Build.0 = Release|Any CPU
		{1ACEC88D-2DD6-4AE9-9B0A-4ECB0C14D09D}.Debug|Any CPU.ActiveCfg = Debug|Any CPU
		{1ACEC88D-2DD6-4AE9-9B0A-4ECB0C14D09D}.Debug|Any CPU.Build.0 = Debug|Any CPU
		{1ACEC88D-2DD6-4AE9-9B0A-4ECB0C14D09D}.Release|Any CPU.ActiveCfg = Release|Any CPU
		{1ACEC88D-2DD6-4AE9-9B0A-4ECB0C14D09D}.Release|Any CPU.Build.0 = Release|Any CPU
	EndGlobalSection
	GlobalSection(SolutionProperties) = preSolution
		HideSolutionNode = FALSE
	EndGlobalSection
	GlobalSection(ExtensibilityGlobals) = postSolution
		SolutionGuid = {5C35F839-FE8F-41D5-A257-EF7A9700A745}
	EndGlobalSection
EndGlobal
